// !$*UTF8*$!
{
	archiveVersion = 1;
	classes = {
	};
	objectVersion = 56;
	objects = {

/* Begin PBXBuildFile section */
		6F8461BA2CEFB7BB00FEA5B9 /* LocationSearchView.swift in Sources */ = {isa = PBXBuildFile; fileRef = 6F8461B92CEFB7BB00FEA5B9 /* LocationSearchView.swift */; };
		6F8461BC2CEFB7D600FEA5B9 /* LocationSearchViewModel.swift in Sources */ = {isa = PBXBuildFile; fileRef = 6F8461BB2CEFB7D600FEA5B9 /* LocationSearchViewModel.swift */; };
		6FA686FC2CEF05920057338C /* WeatherAPIService.swift in Sources */ = {isa = PBXBuildFile; fileRef = 6FA686FB2CEF05920057338C /* WeatherAPIService.swift */; };
		6FA686FF2CEF05D40057338C /* Swinject in Frameworks */ = {isa = PBXBuildFile; productRef = 6FA686FE2CEF05D40057338C /* Swinject */; };
		6FA687022CEF05E30057338C /* CombineExt in Frameworks */ = {isa = PBXBuildFile; productRef = 6FA687012CEF05E30057338C /* CombineExt */; };
		6FA687092CEF06560057338C /* NetworkingHeadersCollection.swift in Sources */ = {isa = PBXBuildFile; fileRef = 6FA687042CEF06560057338C /* NetworkingHeadersCollection.swift */; };
		6FA6870A2CEF06560057338C /* NetworkingServiceError.swift in Sources */ = {isa = PBXBuildFile; fileRef = 6FA687052CEF06560057338C /* NetworkingServiceError.swift */; };
		6FA6870B2CEF06560057338C /* NetworkingServiceImageResponse.swift in Sources */ = {isa = PBXBuildFile; fileRef = 6FA687062CEF06560057338C /* NetworkingServiceImageResponse.swift */; };
		6FA6870C2CEF06560057338C /* NetworkingService.swift in Sources */ = {isa = PBXBuildFile; fileRef = 6FA687072CEF06560057338C /* NetworkingService.swift */; };
		6FA6870D2CEF06560057338C /* NetworkingServiceResponse.swift in Sources */ = {isa = PBXBuildFile; fileRef = 6FA687082CEF06560057338C /* NetworkingServiceResponse.swift */; };
		6FA687102CEF06D60057338C /* Publisher+Async.swift in Sources */ = {isa = PBXBuildFile; fileRef = 6FA6870F2CEF06D60057338C /* Publisher+Async.swift */; };
		6FA687122CEF07160057338C /* AppAssembler.swift in Sources */ = {isa = PBXBuildFile; fileRef = 6FA687112CEF07160057338C /* AppAssembler.swift */; };
		6FA687142CEF07C30057338C /* NavigationCoordinatorAssembly.swift in Sources */ = {isa = PBXBuildFile; fileRef = 6FA687132CEF07C30057338C /* NavigationCoordinatorAssembly.swift */; };
		6FA687162CEF07E60057338C /* ServicesAssembly.swift in Sources */ = {isa = PBXBuildFile; fileRef = 6FA687152CEF07E60057338C /* ServicesAssembly.swift */; };
		6FA687182CEF07FC0057338C /* ViewModelAssembly.swift in Sources */ = {isa = PBXBuildFile; fileRef = 6FA687172CEF07FC0057338C /* ViewModelAssembly.swift */; };
		6FA6871B2CEF08250057338C /* AppRootCoordinatorView.swift in Sources */ = {isa = PBXBuildFile; fileRef = 6FA6871A2CEF08250057338C /* AppRootCoordinatorView.swift */; };
		6FA6871D2CEF08480057338C /* AppRootCoordinatorViewModel.swift in Sources */ = {isa = PBXBuildFile; fileRef = 6FA6871C2CEF08480057338C /* AppRootCoordinatorViewModel.swift */; };
		6FA6871F2CEF08620057338C /* ViewModel.swift in Sources */ = {isa = PBXBuildFile; fileRef = 6FA6871E2CEF08620057338C /* ViewModel.swift */; };
		6FA6872B2CEF09860057338C /* Theme.swift in Sources */ = {isa = PBXBuildFile; fileRef = 6FA687212CEF09860057338C /* Theme.swift */; };
		6FA6872C2CEF09860057338C /* Theme.Fonts+FontNameConfiguration.swift in Sources */ = {isa = PBXBuildFile; fileRef = 6FA687222CEF09860057338C /* Theme.Fonts+FontNameConfiguration.swift */; };
		6FA6872D2CEF09860057338C /* Theme.Fonts+SupportedFonts.swift in Sources */ = {isa = PBXBuildFile; fileRef = 6FA687232CEF09860057338C /* Theme.Fonts+SupportedFonts.swift */; };
		6FA6872E2CEF09860057338C /* Theme+Fonts.swift in Sources */ = {isa = PBXBuildFile; fileRef = 6FA687242CEF09860057338C /* Theme+Fonts.swift */; };
		6FA6872F2CEF09860057338C /* ThemeFontSizeModifier.swift in Sources */ = {isa = PBXBuildFile; fileRef = 6FA687252CEF09860057338C /* ThemeFontSizeModifier.swift */; };
		6FA687302CEF09860057338C /* ThemeFontStyleModifier.swift in Sources */ = {isa = PBXBuildFile; fileRef = 6FA687262CEF09860057338C /* ThemeFontStyleModifier.swift */; };
		6FA687312CEF09860057338C /* Theme.Colors+Presets.swift in Sources */ = {isa = PBXBuildFile; fileRef = 6FA687282CEF09860057338C /* Theme.Colors+Presets.swift */; };
		6FA687322CEF09860057338C /* Theme+Colors.swift in Sources */ = {isa = PBXBuildFile; fileRef = 6FA687292CEF09860057338C /* Theme+Colors.swift */; };
		6FA687352CEF0A250057338C /* Color+Hex.swift in Sources */ = {isa = PBXBuildFile; fileRef = 6FA687342CEF0A250057338C /* Color+Hex.swift */; };
		6FA687382CEF0CD60057338C /* WeatherAppLandingView.swift in Sources */ = {isa = PBXBuildFile; fileRef = 6FA687372CEF0CD60057338C /* WeatherAppLandingView.swift */; };
		6FA6873A2CEF0CF70057338C /* WeatherAppLandingViewModel.swift in Sources */ = {isa = PBXBuildFile; fileRef = 6FA687392CEF0CF70057338C /* WeatherAppLandingViewModel.swift */; };
		6FA6873D2CEF0E220057338C /* SearchFieldView.swift in Sources */ = {isa = PBXBuildFile; fileRef = 6FA6873C2CEF0E220057338C /* SearchFieldView.swift */; };
		6FA687402CEF0FCA0057338C /* UIColor+Color.swift in Sources */ = {isa = PBXBuildFile; fileRef = 6FA6873F2CEF0FCA0057338C /* UIColor+Color.swift */; };
		6FA687422CEF113D0057338C /* String+Empty.swift in Sources */ = {isa = PBXBuildFile; fileRef = 6FA687412CEF113D0057338C /* String+Empty.swift */; };
		6FA687442CEF15780057338C /* Location.swift in Sources */ = {isa = PBXBuildFile; fileRef = 6FA687432CEF15780057338C /* Location.swift */; };
		6FD446912CEFDA3800885796 /* CurrentWeather.swift in Sources */ = {isa = PBXBuildFile; fileRef = 6FD446902CEFDA3800885796 /* CurrentWeather.swift */; };
		6FD446942CEFDCCA00885796 /* CurrentWeatherViewModel.swift in Sources */ = {isa = PBXBuildFile; fileRef = 6FD446932CEFDCCA00885796 /* CurrentWeatherViewModel.swift */; };
		6FD446962CEFDE3600885796 /* CurrentWeatherSearchCardView.swift in Sources */ = {isa = PBXBuildFile; fileRef = 6FD446952CEFDE3600885796 /* CurrentWeatherSearchCardView.swift */; };
		6FD446982CEFE8A800885796 /* CurrentWeatherHighlightView.swift in Sources */ = {isa = PBXBuildFile; fileRef = 6FD446972CEFE8A800885796 /* CurrentWeatherHighlightView.swift */; };
		6FD4469A2CEFED0600885796 /* LocalStorageService.swift in Sources */ = {isa = PBXBuildFile; fileRef = 6FD446992CEFED0600885796 /* LocalStorageService.swift */; };
		6FD4469D2CEFF06300885796 /* AppleUserDefaults.swift in Sources */ = {isa = PBXBuildFile; fileRef = 6FD4469C2CEFF06300885796 /* AppleUserDefaults.swift */; };
		6FD4469F2CEFF0FF00885796 /* LocalStorageKeys.swift in Sources */ = {isa = PBXBuildFile; fileRef = 6FD4469E2CEFF0FF00885796 /* LocalStorageKeys.swift */; };
		6FD446A12CEFF2DC00885796 /* LocalStorageService+Extensions.swift in Sources */ = {isa = PBXBuildFile; fileRef = 6FD446A02CEFF2DC00885796 /* LocalStorageService+Extensions.swift */; };
		6FF6853D2CEF03E3004965F6 /* WeatherAppApp.swift in Sources */ = {isa = PBXBuildFile; fileRef = 6FF6853C2CEF03E3004965F6 /* WeatherAppApp.swift */; };
		6FF685412CEF03E4004965F6 /* Assets.xcassets in Resources */ = {isa = PBXBuildFile; fileRef = 6FF685402CEF03E4004965F6 /* Assets.xcassets */; };
		6FF685442CEF03E4004965F6 /* Preview Assets.xcassets in Resources */ = {isa = PBXBuildFile; fileRef = 6FF685432CEF03E4004965F6 /* Preview Assets.xcassets */; };
		6FF6854E2CEF03E5004965F6 /* WeatherAppTests.swift in Sources */ = {isa = PBXBuildFile; fileRef = 6FF6854D2CEF03E5004965F6 /* WeatherAppTests.swift */; };
/* End PBXBuildFile section */

/* Begin PBXContainerItemProxy section */
		6FF6854A2CEF03E5004965F6 /* PBXContainerItemProxy */ = {
			isa = PBXContainerItemProxy;
			containerPortal = 6FF685312CEF03E3004965F6 /* Project object */;
			proxyType = 1;
			remoteGlobalIDString = 6FF685382CEF03E3004965F6;
			remoteInfo = WeatherApp;
		};
/* End PBXContainerItemProxy section */

/* Begin PBXFileReference section */
		6F8461B92CEFB7BB00FEA5B9 /* LocationSearchView.swift */ = {isa = PBXFileReference; lastKnownFileType = sourcecode.swift; path = LocationSearchView.swift; sourceTree = "<group>"; };
		6F8461BB2CEFB7D600FEA5B9 /* LocationSearchViewModel.swift */ = {isa = PBXFileReference; lastKnownFileType = sourcecode.swift; path = LocationSearchViewModel.swift; sourceTree = "<group>"; };
		6FA686FB2CEF05920057338C /* WeatherAPIService.swift */ = {isa = PBXFileReference; lastKnownFileType = sourcecode.swift; path = WeatherAPIService.swift; sourceTree = "<group>"; };
		6FA687042CEF06560057338C /* NetworkingHeadersCollection.swift */ = {isa = PBXFileReference; fileEncoding = 4; lastKnownFileType = sourcecode.swift; path = NetworkingHeadersCollection.swift; sourceTree = "<group>"; };
		6FA687052CEF06560057338C /* NetworkingServiceError.swift */ = {isa = PBXFileReference; fileEncoding = 4; lastKnownFileType = sourcecode.swift; path = NetworkingServiceError.swift; sourceTree = "<group>"; };
		6FA687062CEF06560057338C /* NetworkingServiceImageResponse.swift */ = {isa = PBXFileReference; fileEncoding = 4; lastKnownFileType = sourcecode.swift; path = NetworkingServiceImageResponse.swift; sourceTree = "<group>"; };
		6FA687072CEF06560057338C /* NetworkingService.swift */ = {isa = PBXFileReference; fileEncoding = 4; lastKnownFileType = sourcecode.swift; path = NetworkingService.swift; sourceTree = "<group>"; };
		6FA687082CEF06560057338C /* NetworkingServiceResponse.swift */ = {isa = PBXFileReference; fileEncoding = 4; lastKnownFileType = sourcecode.swift; path = NetworkingServiceResponse.swift; sourceTree = "<group>"; };
		6FA6870F2CEF06D60057338C /* Publisher+Async.swift */ = {isa = PBXFileReference; lastKnownFileType = sourcecode.swift; path = "Publisher+Async.swift"; sourceTree = "<group>"; };
		6FA687112CEF07160057338C /* AppAssembler.swift */ = {isa = PBXFileReference; lastKnownFileType = sourcecode.swift; path = AppAssembler.swift; sourceTree = "<group>"; };
		6FA687132CEF07C30057338C /* NavigationCoordinatorAssembly.swift */ = {isa = PBXFileReference; lastKnownFileType = sourcecode.swift; path = NavigationCoordinatorAssembly.swift; sourceTree = "<group>"; };
		6FA687152CEF07E60057338C /* ServicesAssembly.swift */ = {isa = PBXFileReference; lastKnownFileType = sourcecode.swift; path = ServicesAssembly.swift; sourceTree = "<group>"; };
		6FA687172CEF07FC0057338C /* ViewModelAssembly.swift */ = {isa = PBXFileReference; lastKnownFileType = sourcecode.swift; path = ViewModelAssembly.swift; sourceTree = "<group>"; };
		6FA6871A2CEF08250057338C /* AppRootCoordinatorView.swift */ = {isa = PBXFileReference; lastKnownFileType = sourcecode.swift; path = AppRootCoordinatorView.swift; sourceTree = "<group>"; };
		6FA6871C2CEF08480057338C /* AppRootCoordinatorViewModel.swift */ = {isa = PBXFileReference; lastKnownFileType = sourcecode.swift; path = AppRootCoordinatorViewModel.swift; sourceTree = "<group>"; };
		6FA6871E2CEF08620057338C /* ViewModel.swift */ = {isa = PBXFileReference; lastKnownFileType = sourcecode.swift; path = ViewModel.swift; sourceTree = "<group>"; };
		6FA687212CEF09860057338C /* Theme.swift */ = {isa = PBXFileReference; fileEncoding = 4; lastKnownFileType = sourcecode.swift; path = Theme.swift; sourceTree = "<group>"; };
		6FA687222CEF09860057338C /* Theme.Fonts+FontNameConfiguration.swift */ = {isa = PBXFileReference; fileEncoding = 4; lastKnownFileType = sourcecode.swift; path = "Theme.Fonts+FontNameConfiguration.swift"; sourceTree = "<group>"; };
		6FA687232CEF09860057338C /* Theme.Fonts+SupportedFonts.swift */ = {isa = PBXFileReference; fileEncoding = 4; lastKnownFileType = sourcecode.swift; path = "Theme.Fonts+SupportedFonts.swift"; sourceTree = "<group>"; };
		6FA687242CEF09860057338C /* Theme+Fonts.swift */ = {isa = PBXFileReference; fileEncoding = 4; lastKnownFileType = sourcecode.swift; path = "Theme+Fonts.swift"; sourceTree = "<group>"; };
		6FA687252CEF09860057338C /* ThemeFontSizeModifier.swift */ = {isa = PBXFileReference; fileEncoding = 4; lastKnownFileType = sourcecode.swift; path = ThemeFontSizeModifier.swift; sourceTree = "<group>"; };
		6FA687262CEF09860057338C /* ThemeFontStyleModifier.swift */ = {isa = PBXFileReference; fileEncoding = 4; lastKnownFileType = sourcecode.swift; path = ThemeFontStyleModifier.swift; sourceTree = "<group>"; };
		6FA687282CEF09860057338C /* Theme.Colors+Presets.swift */ = {isa = PBXFileReference; fileEncoding = 4; lastKnownFileType = sourcecode.swift; path = "Theme.Colors+Presets.swift"; sourceTree = "<group>"; };
		6FA687292CEF09860057338C /* Theme+Colors.swift */ = {isa = PBXFileReference; fileEncoding = 4; lastKnownFileType = sourcecode.swift; path = "Theme+Colors.swift"; sourceTree = "<group>"; };
		6FA687342CEF0A250057338C /* Color+Hex.swift */ = {isa = PBXFileReference; lastKnownFileType = sourcecode.swift; path = "Color+Hex.swift"; sourceTree = "<group>"; };
		6FA687372CEF0CD60057338C /* WeatherAppLandingView.swift */ = {isa = PBXFileReference; lastKnownFileType = sourcecode.swift; path = WeatherAppLandingView.swift; sourceTree = "<group>"; };
		6FA687392CEF0CF70057338C /* WeatherAppLandingViewModel.swift */ = {isa = PBXFileReference; lastKnownFileType = sourcecode.swift; path = WeatherAppLandingViewModel.swift; sourceTree = "<group>"; };
		6FA6873C2CEF0E220057338C /* SearchFieldView.swift */ = {isa = PBXFileReference; lastKnownFileType = sourcecode.swift; path = SearchFieldView.swift; sourceTree = "<group>"; };
		6FA6873F2CEF0FCA0057338C /* UIColor+Color.swift */ = {isa = PBXFileReference; lastKnownFileType = sourcecode.swift; path = "UIColor+Color.swift"; sourceTree = "<group>"; };
		6FA687412CEF113D0057338C /* String+Empty.swift */ = {isa = PBXFileReference; lastKnownFileType = sourcecode.swift; path = "String+Empty.swift"; sourceTree = "<group>"; };
		6FA687432CEF15780057338C /* Location.swift */ = {isa = PBXFileReference; lastKnownFileType = sourcecode.swift; path = Location.swift; sourceTree = "<group>"; };
		6FD446902CEFDA3800885796 /* CurrentWeather.swift */ = {isa = PBXFileReference; lastKnownFileType = sourcecode.swift; path = CurrentWeather.swift; sourceTree = "<group>"; };
		6FD446932CEFDCCA00885796 /* CurrentWeatherViewModel.swift */ = {isa = PBXFileReference; lastKnownFileType = sourcecode.swift; path = CurrentWeatherViewModel.swift; sourceTree = "<group>"; };
		6FD446952CEFDE3600885796 /* CurrentWeatherSearchCardView.swift */ = {isa = PBXFileReference; lastKnownFileType = sourcecode.swift; path = CurrentWeatherSearchCardView.swift; sourceTree = "<group>"; };
		6FD446972CEFE8A800885796 /* CurrentWeatherHighlightView.swift */ = {isa = PBXFileReference; lastKnownFileType = sourcecode.swift; path = CurrentWeatherHighlightView.swift; sourceTree = "<group>"; };
		6FD446992CEFED0600885796 /* LocalStorageService.swift */ = {isa = PBXFileReference; lastKnownFileType = sourcecode.swift; path = LocalStorageService.swift; sourceTree = "<group>"; };
		6FD4469C2CEFF06300885796 /* AppleUserDefaults.swift */ = {isa = PBXFileReference; lastKnownFileType = sourcecode.swift; path = AppleUserDefaults.swift; sourceTree = "<group>"; };
		6FD4469E2CEFF0FF00885796 /* LocalStorageKeys.swift */ = {isa = PBXFileReference; lastKnownFileType = sourcecode.swift; path = LocalStorageKeys.swift; sourceTree = "<group>"; };
		6FD446A02CEFF2DC00885796 /* LocalStorageService+Extensions.swift */ = {isa = PBXFileReference; lastKnownFileType = sourcecode.swift; path = "LocalStorageService+Extensions.swift"; sourceTree = "<group>"; };
		6FF685392CEF03E3004965F6 /* WeatherApp.app */ = {isa = PBXFileReference; explicitFileType = wrapper.application; includeInIndex = 0; path = WeatherApp.app; sourceTree = BUILT_PRODUCTS_DIR; };
		6FF6853C2CEF03E3004965F6 /* WeatherAppApp.swift */ = {isa = PBXFileReference; lastKnownFileType = sourcecode.swift; path = WeatherAppApp.swift; sourceTree = "<group>"; };
		6FF685402CEF03E4004965F6 /* Assets.xcassets */ = {isa = PBXFileReference; lastKnownFileType = folder.assetcatalog; path = Assets.xcassets; sourceTree = "<group>"; };
		6FF685432CEF03E4004965F6 /* Preview Assets.xcassets */ = {isa = PBXFileReference; lastKnownFileType = folder.assetcatalog; path = "Preview Assets.xcassets"; sourceTree = "<group>"; };
		6FF685492CEF03E5004965F6 /* WeatherAppTests.xctest */ = {isa = PBXFileReference; explicitFileType = wrapper.cfbundle; includeInIndex = 0; path = WeatherAppTests.xctest; sourceTree = BUILT_PRODUCTS_DIR; };
		6FF6854D2CEF03E5004965F6 /* WeatherAppTests.swift */ = {isa = PBXFileReference; lastKnownFileType = sourcecode.swift; path = WeatherAppTests.swift; sourceTree = "<group>"; };
/* End PBXFileReference section */

/* Begin PBXFrameworksBuildPhase section */
		6FF685362CEF03E3004965F6 /* Frameworks */ = {
			isa = PBXFrameworksBuildPhase;
			buildActionMask = 2147483647;
			files = (
				6FA687022CEF05E30057338C /* CombineExt in Frameworks */,
				6FA686FF2CEF05D40057338C /* Swinject in Frameworks */,
			);
			runOnlyForDeploymentPostprocessing = 0;
		};
		6FF685462CEF03E5004965F6 /* Frameworks */ = {
			isa = PBXFrameworksBuildPhase;
			buildActionMask = 2147483647;
			files = (
			);
			runOnlyForDeploymentPostprocessing = 0;
		};
/* End PBXFrameworksBuildPhase section */

/* Begin PBXGroup section */
		6F8461B82CEFB7AB00FEA5B9 /* LocationSearch */ = {
			isa = PBXGroup;
			children = (
				6F8461B92CEFB7BB00FEA5B9 /* LocationSearchView.swift */,
				6F8461BB2CEFB7D600FEA5B9 /* LocationSearchViewModel.swift */,
			);
			path = LocationSearch;
			sourceTree = "<group>";
		};
		6FA686F42CEF04110057338C /* Architecture */ = {
			isa = PBXGroup;
			children = (
				6FA686F52CEF04250057338C /* Assembler */,
				6FA686F62CEF042F0057338C /* NavigationCoordinators */,
				6FA6871E2CEF08620057338C /* ViewModel.swift */,
			);
			path = Architecture;
			sourceTree = "<group>";
		};
		6FA686F52CEF04250057338C /* Assembler */ = {
			isa = PBXGroup;
			children = (
				6FA687112CEF07160057338C /* AppAssembler.swift */,
				6FA687132CEF07C30057338C /* NavigationCoordinatorAssembly.swift */,
				6FA687152CEF07E60057338C /* ServicesAssembly.swift */,
				6FA687172CEF07FC0057338C /* ViewModelAssembly.swift */,
			);
			path = Assembler;
			sourceTree = "<group>";
		};
		6FA686F62CEF042F0057338C /* NavigationCoordinators */ = {
			isa = PBXGroup;
			children = (
				6FA687192CEF08140057338C /* AppRoot */,
			);
			path = NavigationCoordinators;
			sourceTree = "<group>";
		};
		6FA686F72CEF04430057338C /* Extensions */ = {
			isa = PBXGroup;
			children = (
				6FA6870E2CEF06C90057338C /* Combine */,
				6FA6873E2CEF0FBC0057338C /* SwiftUI */,
				6FA687332CEF09FE0057338C /* UIKit */,
				6FA687412CEF113D0057338C /* String+Empty.swift */,
			);
			path = Extensions;
			sourceTree = "<group>";
		};
		6FA686F82CEF044F0057338C /* Services */ = {
			isa = PBXGroup;
			children = (
				6FD4469B2CEFF05100885796 /* LocalStorage */,
				6FA687032CEF05EF0057338C /* NetworkingService */,
				6FA686FB2CEF05920057338C /* WeatherAPIService.swift */,
			);
			path = Services;
			sourceTree = "<group>";
		};
		6FA686F92CEF045A0057338C /* UI */ = {
			isa = PBXGroup;
			children = (
				6F8461B82CEFB7AB00FEA5B9 /* LocationSearch */,
				6FA6873B2CEF0E050057338C /* Views */,
				6FA687362CEF0CC10057338C /* WeatherAppLanding */,
			);
			path = UI;
			sourceTree = "<group>";
		};
		6FA686FA2CEF04A00057338C /* Models */ = {
			isa = PBXGroup;
			children = (
				6FD446902CEFDA3800885796 /* CurrentWeather.swift */,
				6FA687432CEF15780057338C /* Location.swift */,
			);
			path = Models;
			sourceTree = "<group>";
		};
		6FA687032CEF05EF0057338C /* NetworkingService */ = {
			isa = PBXGroup;
			children = (
				6FA687042CEF06560057338C /* NetworkingHeadersCollection.swift */,
				6FA687072CEF06560057338C /* NetworkingService.swift */,
				6FA687052CEF06560057338C /* NetworkingServiceError.swift */,
				6FA687062CEF06560057338C /* NetworkingServiceImageResponse.swift */,
				6FA687082CEF06560057338C /* NetworkingServiceResponse.swift */,
			);
			path = NetworkingService;
			sourceTree = "<group>";
		};
		6FA6870E2CEF06C90057338C /* Combine */ = {
			isa = PBXGroup;
			children = (
				6FA6870F2CEF06D60057338C /* Publisher+Async.swift */,
			);
			path = Combine;
			sourceTree = "<group>";
		};
		6FA687192CEF08140057338C /* AppRoot */ = {
			isa = PBXGroup;
			children = (
				6FA6871A2CEF08250057338C /* AppRootCoordinatorView.swift */,
				6FA6871C2CEF08480057338C /* AppRootCoordinatorViewModel.swift */,
			);
			path = AppRoot;
			sourceTree = "<group>";
		};
		6FA687202CEF094E0057338C /* Theme */ = {
			isa = PBXGroup;
			children = (
				6FA6872A2CEF09860057338C /* Colors */,
				6FA687272CEF09860057338C /* Fonts */,
				6FA687212CEF09860057338C /* Theme.swift */,
			);
			path = Theme;
			sourceTree = "<group>";
		};
		6FA687272CEF09860057338C /* Fonts */ = {
			isa = PBXGroup;
			children = (
				6FA687222CEF09860057338C /* Theme.Fonts+FontNameConfiguration.swift */,
				6FA687232CEF09860057338C /* Theme.Fonts+SupportedFonts.swift */,
				6FA687242CEF09860057338C /* Theme+Fonts.swift */,
				6FA687252CEF09860057338C /* ThemeFontSizeModifier.swift */,
				6FA687262CEF09860057338C /* ThemeFontStyleModifier.swift */,
			);
			path = Fonts;
			sourceTree = "<group>";
		};
		6FA6872A2CEF09860057338C /* Colors */ = {
			isa = PBXGroup;
			children = (
				6FA687282CEF09860057338C /* Theme.Colors+Presets.swift */,
				6FA687292CEF09860057338C /* Theme+Colors.swift */,
			);
			path = Colors;
			sourceTree = "<group>";
		};
		6FA687332CEF09FE0057338C /* UIKit */ = {
			isa = PBXGroup;
			children = (
				6FA687342CEF0A250057338C /* Color+Hex.swift */,
			);
			path = UIKit;
			sourceTree = "<group>";
		};
		6FA687362CEF0CC10057338C /* WeatherAppLanding */ = {
			isa = PBXGroup;
			children = (
				6FA687372CEF0CD60057338C /* WeatherAppLandingView.swift */,
				6FA687392CEF0CF70057338C /* WeatherAppLandingViewModel.swift */,
			);
			path = WeatherAppLanding;
			sourceTree = "<group>";
		};
		6FA6873B2CEF0E050057338C /* Views */ = {
			isa = PBXGroup;
			children = (
				6FD446922CEFDCBB00885796 /* CurrentWeather */,
				6FA6873C2CEF0E220057338C /* SearchFieldView.swift */,
			);
			path = Views;
			sourceTree = "<group>";
		};
		6FA6873E2CEF0FBC0057338C /* SwiftUI */ = {
			isa = PBXGroup;
			children = (
				6FA6873F2CEF0FCA0057338C /* UIColor+Color.swift */,
			);
			path = SwiftUI;
			sourceTree = "<group>";
		};
		6FD446922CEFDCBB00885796 /* CurrentWeather */ = {
			isa = PBXGroup;
			children = (
				6FD446932CEFDCCA00885796 /* CurrentWeatherViewModel.swift */,
				6FD446972CEFE8A800885796 /* CurrentWeatherHighlightView.swift */,
				6FD446952CEFDE3600885796 /* CurrentWeatherSearchCardView.swift */,
			);
			path = CurrentWeather;
			sourceTree = "<group>";
		};
		6FD4469B2CEFF05100885796 /* LocalStorage */ = {
			isa = PBXGroup;
			children = (
				6FD4469C2CEFF06300885796 /* AppleUserDefaults.swift */,
				6FD446992CEFED0600885796 /* LocalStorageService.swift */,
				6FD4469E2CEFF0FF00885796 /* LocalStorageKeys.swift */,
				6FD446A02CEFF2DC00885796 /* LocalStorageService+Extensions.swift */,
			);
			path = LocalStorage;
			sourceTree = "<group>";
		};
		6FF685302CEF03E3004965F6 = {
			isa = PBXGroup;
			children = (
				6FF6853B2CEF03E3004965F6 /* WeatherApp */,
				6FF6854C2CEF03E5004965F6 /* WeatherAppTests */,
				6FF6853A2CEF03E3004965F6 /* Products */,
			);
			sourceTree = "<group>";
		};
		6FF6853A2CEF03E3004965F6 /* Products */ = {
			isa = PBXGroup;
			children = (
				6FF685392CEF03E3004965F6 /* WeatherApp.app */,
				6FF685492CEF03E5004965F6 /* WeatherAppTests.xctest */,
			);
			name = Products;
			sourceTree = "<group>";
		};
		6FF6853B2CEF03E3004965F6 /* WeatherApp */ = {
			isa = PBXGroup;
			children = (
				6FA686F42CEF04110057338C /* Architecture */,
				6FA686F72CEF04430057338C /* Extensions */,
				6FA686FA2CEF04A00057338C /* Models */,
				6FA686F82CEF044F0057338C /* Services */,
				6FA687202CEF094E0057338C /* Theme */,
				6FA686F92CEF045A0057338C /* UI */,
				6FF6853C2CEF03E3004965F6 /* WeatherAppApp.swift */,
				6FF685402CEF03E4004965F6 /* Assets.xcassets */,
				6FF685422CEF03E4004965F6 /* Preview Content */,
			);
			path = WeatherApp;
			sourceTree = "<group>";
		};
		6FF685422CEF03E4004965F6 /* Preview Content */ = {
			isa = PBXGroup;
			children = (
				6FF685432CEF03E4004965F6 /* Preview Assets.xcassets */,
			);
			path = "Preview Content";
			sourceTree = "<group>";
		};
		6FF6854C2CEF03E5004965F6 /* WeatherAppTests */ = {
			isa = PBXGroup;
			children = (
				6FF6854D2CEF03E5004965F6 /* WeatherAppTests.swift */,
			);
			path = WeatherAppTests;
			sourceTree = "<group>";
		};
/* End PBXGroup section */

/* Begin PBXNativeTarget section */
		6FF685382CEF03E3004965F6 /* WeatherApp */ = {
			isa = PBXNativeTarget;
			buildConfigurationList = 6FF6855D2CEF03E5004965F6 /* Build configuration list for PBXNativeTarget "WeatherApp" */;
			buildPhases = (
				6FF685352CEF03E3004965F6 /* Sources */,
				6FF685362CEF03E3004965F6 /* Frameworks */,
				6FF685372CEF03E3004965F6 /* Resources */,
			);
			buildRules = (
			);
			dependencies = (
			);
			name = WeatherApp;
			packageProductDependencies = (
				6FA686FE2CEF05D40057338C /* Swinject */,
				6FA687012CEF05E30057338C /* CombineExt */,
			);
			productName = WeatherApp;
			productReference = 6FF685392CEF03E3004965F6 /* WeatherApp.app */;
			productType = "com.apple.product-type.application";
		};
		6FF685482CEF03E5004965F6 /* WeatherAppTests */ = {
			isa = PBXNativeTarget;
			buildConfigurationList = 6FF685602CEF03E5004965F6 /* Build configuration list for PBXNativeTarget "WeatherAppTests" */;
			buildPhases = (
				6FF685452CEF03E5004965F6 /* Sources */,
				6FF685462CEF03E5004965F6 /* Frameworks */,
				6FF685472CEF03E5004965F6 /* Resources */,
			);
			buildRules = (
			);
			dependencies = (
				6FF6854B2CEF03E5004965F6 /* PBXTargetDependency */,
			);
			name = WeatherAppTests;
			productName = WeatherAppTests;
			productReference = 6FF685492CEF03E5004965F6 /* WeatherAppTests.xctest */;
			productType = "com.apple.product-type.bundle.unit-test";
		};
/* End PBXNativeTarget section */

/* Begin PBXProject section */
		6FF685312CEF03E3004965F6 /* Project object */ = {
			isa = PBXProject;
			attributes = {
				BuildIndependentTargetsInParallel = 1;
				LastSwiftUpdateCheck = 1540;
				LastUpgradeCheck = 1540;
				TargetAttributes = {
					6FF685382CEF03E3004965F6 = {
						CreatedOnToolsVersion = 15.4;
					};
					6FF685482CEF03E5004965F6 = {
						CreatedOnToolsVersion = 15.4;
						TestTargetID = 6FF685382CEF03E3004965F6;
					};
				};
			};
			buildConfigurationList = 6FF685342CEF03E3004965F6 /* Build configuration list for PBXProject "WeatherApp" */;
			compatibilityVersion = "Xcode 14.0";
			developmentRegion = en;
			hasScannedForEncodings = 0;
			knownRegions = (
				en,
				Base,
			);
			mainGroup = 6FF685302CEF03E3004965F6;
			packageReferences = (
				6FA686FD2CEF05D40057338C /* XCRemoteSwiftPackageReference "Swinject" */,
				6FA687002CEF05E30057338C /* XCRemoteSwiftPackageReference "CombineExt" */,
			);
			productRefGroup = 6FF6853A2CEF03E3004965F6 /* Products */;
			projectDirPath = "";
			projectRoot = "";
			targets = (
				6FF685382CEF03E3004965F6 /* WeatherApp */,
				6FF685482CEF03E5004965F6 /* WeatherAppTests */,
			);
		};
/* End PBXProject section */

/* Begin PBXResourcesBuildPhase section */
		6FF685372CEF03E3004965F6 /* Resources */ = {
			isa = PBXResourcesBuildPhase;
			buildActionMask = 2147483647;
			files = (
				6FF685442CEF03E4004965F6 /* Preview Assets.xcassets in Resources */,
				6FF685412CEF03E4004965F6 /* Assets.xcassets in Resources */,
			);
			runOnlyForDeploymentPostprocessing = 0;
		};
		6FF685472CEF03E5004965F6 /* Resources */ = {
			isa = PBXResourcesBuildPhase;
			buildActionMask = 2147483647;
			files = (
			);
			runOnlyForDeploymentPostprocessing = 0;
		};
/* End PBXResourcesBuildPhase section */

/* Begin PBXSourcesBuildPhase section */
		6FF685352CEF03E3004965F6 /* Sources */ = {
			isa = PBXSourcesBuildPhase;
			buildActionMask = 2147483647;
			files = (
				6FD4469A2CEFED0600885796 /* LocalStorageService.swift in Sources */,
				6FA687092CEF06560057338C /* NetworkingHeadersCollection.swift in Sources */,
				6FD446912CEFDA3800885796 /* CurrentWeather.swift in Sources */,
				6FD446982CEFE8A800885796 /* CurrentWeatherHighlightView.swift in Sources */,
				6FA687162CEF07E60057338C /* ServicesAssembly.swift in Sources */,
				6FA6872C2CEF09860057338C /* Theme.Fonts+FontNameConfiguration.swift in Sources */,
				6FA687182CEF07FC0057338C /* ViewModelAssembly.swift in Sources */,
				6FA6872E2CEF09860057338C /* Theme+Fonts.swift in Sources */,
				6FA687352CEF0A250057338C /* Color+Hex.swift in Sources */,
				6FA687322CEF09860057338C /* Theme+Colors.swift in Sources */,
				6FD4469F2CEFF0FF00885796 /* LocalStorageKeys.swift in Sources */,
				6FA686FC2CEF05920057338C /* WeatherAPIService.swift in Sources */,
				6FD446942CEFDCCA00885796 /* CurrentWeatherViewModel.swift in Sources */,
				6FA6870D2CEF06560057338C /* NetworkingServiceResponse.swift in Sources */,
				6FA6870B2CEF06560057338C /* NetworkingServiceImageResponse.swift in Sources */,
				6FA6872D2CEF09860057338C /* Theme.Fonts+SupportedFonts.swift in Sources */,
				6FA6871F2CEF08620057338C /* ViewModel.swift in Sources */,
				6FA6870A2CEF06560057338C /* NetworkingServiceError.swift in Sources */,
				6FA687382CEF0CD60057338C /* WeatherAppLandingView.swift in Sources */,
				6FA6873D2CEF0E220057338C /* SearchFieldView.swift in Sources */,
				6FD4469D2CEFF06300885796 /* AppleUserDefaults.swift in Sources */,
				6FA6873A2CEF0CF70057338C /* WeatherAppLandingViewModel.swift in Sources */,
				6F8461BA2CEFB7BB00FEA5B9 /* LocationSearchView.swift in Sources */,
				6FA687302CEF09860057338C /* ThemeFontStyleModifier.swift in Sources */,
				6FA687102CEF06D60057338C /* Publisher+Async.swift in Sources */,
				6F8461BC2CEFB7D600FEA5B9 /* LocationSearchViewModel.swift in Sources */,
				6FA6870C2CEF06560057338C /* NetworkingService.swift in Sources */,
				6FD446A12CEFF2DC00885796 /* LocalStorageService+Extensions.swift in Sources */,
				6FD446962CEFDE3600885796 /* CurrentWeatherSearchCardView.swift in Sources */,
				6FA687122CEF07160057338C /* AppAssembler.swift in Sources */,
				6FA6871B2CEF08250057338C /* AppRootCoordinatorView.swift in Sources */,
				6FA687422CEF113D0057338C /* String+Empty.swift in Sources */,
				6FA687442CEF15780057338C /* Location.swift in Sources */,
				6FA687402CEF0FCA0057338C /* UIColor+Color.swift in Sources */,
				6FA6871D2CEF08480057338C /* AppRootCoordinatorViewModel.swift in Sources */,
				6FF6853D2CEF03E3004965F6 /* WeatherAppApp.swift in Sources */,
				6FA687142CEF07C30057338C /* NavigationCoordinatorAssembly.swift in Sources */,
				6FA6872B2CEF09860057338C /* Theme.swift in Sources */,
				6FA6872F2CEF09860057338C /* ThemeFontSizeModifier.swift in Sources */,
				6FA687312CEF09860057338C /* Theme.Colors+Presets.swift in Sources */,
			);
			runOnlyForDeploymentPostprocessing = 0;
		};
		6FF685452CEF03E5004965F6 /* Sources */ = {
			isa = PBXSourcesBuildPhase;
			buildActionMask = 2147483647;
			files = (
				6FF6854E2CEF03E5004965F6 /* WeatherAppTests.swift in Sources */,
			);
			runOnlyForDeploymentPostprocessing = 0;
		};
/* End PBXSourcesBuildPhase section */

/* Begin PBXTargetDependency section */
		6FF6854B2CEF03E5004965F6 /* PBXTargetDependency */ = {
			isa = PBXTargetDependency;
			target = 6FF685382CEF03E3004965F6 /* WeatherApp */;
			targetProxy = 6FF6854A2CEF03E5004965F6 /* PBXContainerItemProxy */;
		};
/* End PBXTargetDependency section */

/* Begin XCBuildConfiguration section */
		6FF6855B2CEF03E5004965F6 /* Debug */ = {
			isa = XCBuildConfiguration;
			buildSettings = {
				ALWAYS_SEARCH_USER_PATHS = NO;
				ASSETCATALOG_COMPILER_GENERATE_SWIFT_ASSET_SYMBOL_EXTENSIONS = YES;
				CLANG_ANALYZER_NONNULL = YES;
				CLANG_ANALYZER_NUMBER_OBJECT_CONVERSION = YES_AGGRESSIVE;
				CLANG_CXX_LANGUAGE_STANDARD = "gnu++20";
				CLANG_ENABLE_MODULES = YES;
				CLANG_ENABLE_OBJC_ARC = YES;
				CLANG_ENABLE_OBJC_WEAK = YES;
				CLANG_WARN_BLOCK_CAPTURE_AUTORELEASING = YES;
				CLANG_WARN_BOOL_CONVERSION = YES;
				CLANG_WARN_COMMA = YES;
				CLANG_WARN_CONSTANT_CONVERSION = YES;
				CLANG_WARN_DEPRECATED_OBJC_IMPLEMENTATIONS = YES;
				CLANG_WARN_DIRECT_OBJC_ISA_USAGE = YES_ERROR;
				CLANG_WARN_DOCUMENTATION_COMMENTS = YES;
				CLANG_WARN_EMPTY_BODY = YES;
				CLANG_WARN_ENUM_CONVERSION = YES;
				CLANG_WARN_INFINITE_RECURSION = YES;
				CLANG_WARN_INT_CONVERSION = YES;
				CLANG_WARN_NON_LITERAL_NULL_CONVERSION = YES;
				CLANG_WARN_OBJC_IMPLICIT_RETAIN_SELF = YES;
				CLANG_WARN_OBJC_LITERAL_CONVERSION = YES;
				CLANG_WARN_OBJC_ROOT_CLASS = YES_ERROR;
				CLANG_WARN_QUOTED_INCLUDE_IN_FRAMEWORK_HEADER = YES;
				CLANG_WARN_RANGE_LOOP_ANALYSIS = YES;
				CLANG_WARN_STRICT_PROTOTYPES = YES;
				CLANG_WARN_SUSPICIOUS_MOVE = YES;
				CLANG_WARN_UNGUARDED_AVAILABILITY = YES_AGGRESSIVE;
				CLANG_WARN_UNREACHABLE_CODE = YES;
				CLANG_WARN__DUPLICATE_METHOD_MATCH = YES;
				COPY_PHASE_STRIP = NO;
				DEBUG_INFORMATION_FORMAT = dwarf;
				ENABLE_STRICT_OBJC_MSGSEND = YES;
				ENABLE_TESTABILITY = YES;
				ENABLE_USER_SCRIPT_SANDBOXING = YES;
				GCC_C_LANGUAGE_STANDARD = gnu17;
				GCC_DYNAMIC_NO_PIC = NO;
				GCC_NO_COMMON_BLOCKS = YES;
				GCC_OPTIMIZATION_LEVEL = 0;
				GCC_PREPROCESSOR_DEFINITIONS = (
					"DEBUG=1",
					"$(inherited)",
				);
				GCC_WARN_64_TO_32_BIT_CONVERSION = YES;
				GCC_WARN_ABOUT_RETURN_TYPE = YES_ERROR;
				GCC_WARN_UNDECLARED_SELECTOR = YES;
				GCC_WARN_UNINITIALIZED_AUTOS = YES_AGGRESSIVE;
				GCC_WARN_UNUSED_FUNCTION = YES;
				GCC_WARN_UNUSED_VARIABLE = YES;
				IPHONEOS_DEPLOYMENT_TARGET = 17.5;
				LOCALIZATION_PREFERS_STRING_CATALOGS = YES;
				MTL_ENABLE_DEBUG_INFO = INCLUDE_SOURCE;
				MTL_FAST_MATH = YES;
				ONLY_ACTIVE_ARCH = YES;
				SDKROOT = iphoneos;
				SWIFT_ACTIVE_COMPILATION_CONDITIONS = "DEBUG $(inherited)";
				SWIFT_OPTIMIZATION_LEVEL = "-Onone";
			};
			name = Debug;
		};
		6FF6855C2CEF03E5004965F6 /* Release */ = {
			isa = XCBuildConfiguration;
			buildSettings = {
				ALWAYS_SEARCH_USER_PATHS = NO;
				ASSETCATALOG_COMPILER_GENERATE_SWIFT_ASSET_SYMBOL_EXTENSIONS = YES;
				CLANG_ANALYZER_NONNULL = YES;
				CLANG_ANALYZER_NUMBER_OBJECT_CONVERSION = YES_AGGRESSIVE;
				CLANG_CXX_LANGUAGE_STANDARD = "gnu++20";
				CLANG_ENABLE_MODULES = YES;
				CLANG_ENABLE_OBJC_ARC = YES;
				CLANG_ENABLE_OBJC_WEAK = YES;
				CLANG_WARN_BLOCK_CAPTURE_AUTORELEASING = YES;
				CLANG_WARN_BOOL_CONVERSION = YES;
				CLANG_WARN_COMMA = YES;
				CLANG_WARN_CONSTANT_CONVERSION = YES;
				CLANG_WARN_DEPRECATED_OBJC_IMPLEMENTATIONS = YES;
				CLANG_WARN_DIRECT_OBJC_ISA_USAGE = YES_ERROR;
				CLANG_WARN_DOCUMENTATION_COMMENTS = YES;
				CLANG_WARN_EMPTY_BODY = YES;
				CLANG_WARN_ENUM_CONVERSION = YES;
				CLANG_WARN_INFINITE_RECURSION = YES;
				CLANG_WARN_INT_CONVERSION = YES;
				CLANG_WARN_NON_LITERAL_NULL_CONVERSION = YES;
				CLANG_WARN_OBJC_IMPLICIT_RETAIN_SELF = YES;
				CLANG_WARN_OBJC_LITERAL_CONVERSION = YES;
				CLANG_WARN_OBJC_ROOT_CLASS = YES_ERROR;
				CLANG_WARN_QUOTED_INCLUDE_IN_FRAMEWORK_HEADER = YES;
				CLANG_WARN_RANGE_LOOP_ANALYSIS = YES;
				CLANG_WARN_STRICT_PROTOTYPES = YES;
				CLANG_WARN_SUSPICIOUS_MOVE = YES;
				CLANG_WARN_UNGUARDED_AVAILABILITY = YES_AGGRESSIVE;
				CLANG_WARN_UNREACHABLE_CODE = YES;
				CLANG_WARN__DUPLICATE_METHOD_MATCH = YES;
				COPY_PHASE_STRIP = NO;
				DEBUG_INFORMATION_FORMAT = "dwarf-with-dsym";
				ENABLE_NS_ASSERTIONS = NO;
				ENABLE_STRICT_OBJC_MSGSEND = YES;
				ENABLE_USER_SCRIPT_SANDBOXING = YES;
				GCC_C_LANGUAGE_STANDARD = gnu17;
				GCC_NO_COMMON_BLOCKS = YES;
				GCC_WARN_64_TO_32_BIT_CONVERSION = YES;
				GCC_WARN_ABOUT_RETURN_TYPE = YES_ERROR;
				GCC_WARN_UNDECLARED_SELECTOR = YES;
				GCC_WARN_UNINITIALIZED_AUTOS = YES_AGGRESSIVE;
				GCC_WARN_UNUSED_FUNCTION = YES;
				GCC_WARN_UNUSED_VARIABLE = YES;
				IPHONEOS_DEPLOYMENT_TARGET = 17.5;
				LOCALIZATION_PREFERS_STRING_CATALOGS = YES;
				MTL_ENABLE_DEBUG_INFO = NO;
				MTL_FAST_MATH = YES;
				SDKROOT = iphoneos;
				SWIFT_COMPILATION_MODE = wholemodule;
				VALIDATE_PRODUCT = YES;
			};
			name = Release;
		};
		6FF6855E2CEF03E5004965F6 /* Debug */ = {
			isa = XCBuildConfiguration;
			buildSettings = {
				ASSETCATALOG_COMPILER_APPICON_NAME = AppIcon;
				ASSETCATALOG_COMPILER_GLOBAL_ACCENT_COLOR_NAME = AccentColor;
				CODE_SIGN_STYLE = Automatic;
				CURRENT_PROJECT_VERSION = 1;
				DEVELOPMENT_ASSET_PATHS = "\"WeatherApp/Preview Content\"";
				DEVELOPMENT_TEAM = GN4M68RRBW;
				ENABLE_PREVIEWS = YES;
				GENERATE_INFOPLIST_FILE = YES;
				INFOPLIST_KEY_UIApplicationSceneManifest_Generation = YES;
				INFOPLIST_KEY_UIApplicationSupportsIndirectInputEvents = YES;
				INFOPLIST_KEY_UILaunchScreen_Generation = YES;
				INFOPLIST_KEY_UISupportedInterfaceOrientations_iPad = "UIInterfaceOrientationPortrait UIInterfaceOrientationPortraitUpsideDown UIInterfaceOrientationLandscapeLeft UIInterfaceOrientationLandscapeRight";
				INFOPLIST_KEY_UISupportedInterfaceOrientations_iPhone = "UIInterfaceOrientationPortrait UIInterfaceOrientationLandscapeLeft UIInterfaceOrientationLandscapeRight";
				LD_RUNPATH_SEARCH_PATHS = (
					"$(inherited)",
					"@executable_path/Frameworks",
				);
				MARKETING_VERSION = 1.0;
				PRODUCT_BUNDLE_IDENTIFIER = com.jasonjrr.WeatherApp;
				PRODUCT_NAME = "$(TARGET_NAME)";
				SWIFT_EMIT_LOC_STRINGS = YES;
				SWIFT_VERSION = 5.0;
				TARGETED_DEVICE_FAMILY = "1,2";
			};
			name = Debug;
		};
		6FF6855F2CEF03E5004965F6 /* Release */ = {
			isa = XCBuildConfiguration;
			buildSettings = {
				ASSETCATALOG_COMPILER_APPICON_NAME = AppIcon;
				ASSETCATALOG_COMPILER_GLOBAL_ACCENT_COLOR_NAME = AccentColor;
				CODE_SIGN_STYLE = Automatic;
				CURRENT_PROJECT_VERSION = 1;
				DEVELOPMENT_ASSET_PATHS = "\"WeatherApp/Preview Content\"";
				DEVELOPMENT_TEAM = GN4M68RRBW;
				ENABLE_PREVIEWS = YES;
				GENERATE_INFOPLIST_FILE = YES;
				INFOPLIST_KEY_UIApplicationSceneManifest_Generation = YES;
				INFOPLIST_KEY_UIApplicationSupportsIndirectInputEvents = YES;
				INFOPLIST_KEY_UILaunchScreen_Generation = YES;
				INFOPLIST_KEY_UISupportedInterfaceOrientations_iPad = "UIInterfaceOrientationPortrait UIInterfaceOrientationPortraitUpsideDown UIInterfaceOrientationLandscapeLeft UIInterfaceOrientationLandscapeRight";
				INFOPLIST_KEY_UISupportedInterfaceOrientations_iPhone = "UIInterfaceOrientationPortrait UIInterfaceOrientationLandscapeLeft UIInterfaceOrientationLandscapeRight";
				LD_RUNPATH_SEARCH_PATHS = (
					"$(inherited)",
					"@executable_path/Frameworks",
				);
				MARKETING_VERSION = 1.0;
				PRODUCT_BUNDLE_IDENTIFIER = com.jasonjrr.WeatherApp;
				PRODUCT_NAME = "$(TARGET_NAME)";
				SWIFT_EMIT_LOC_STRINGS = YES;
				SWIFT_VERSION = 5.0;
				TARGETED_DEVICE_FAMILY = "1,2";
			};
			name = Release;
		};
		6FF685612CEF03E5004965F6 /* Debug */ = {
			isa = XCBuildConfiguration;
			buildSettings = {
				ALWAYS_EMBED_SWIFT_STANDARD_LIBRARIES = YES;
				BUNDLE_LOADER = "$(TEST_HOST)";
				CODE_SIGN_STYLE = Automatic;
				CURRENT_PROJECT_VERSION = 1;
				DEVELOPMENT_TEAM = GN4M68RRBW;
				GENERATE_INFOPLIST_FILE = YES;
				IPHONEOS_DEPLOYMENT_TARGET = 17.5;
				MARKETING_VERSION = 1.0;
				PRODUCT_BUNDLE_IDENTIFIER = com.jasonjrr.WeatherAppTests;
				PRODUCT_NAME = "$(TARGET_NAME)";
				SWIFT_EMIT_LOC_STRINGS = NO;
				SWIFT_VERSION = 5.0;
				TARGETED_DEVICE_FAMILY = "1,2";
				TEST_HOST = "$(BUILT_PRODUCTS_DIR)/WeatherApp.app/$(BUNDLE_EXECUTABLE_FOLDER_PATH)/WeatherApp";
			};
			name = Debug;
		};
		6FF685622CEF03E5004965F6 /* Release */ = {
			isa = XCBuildConfiguration;
			buildSettings = {
				ALWAYS_EMBED_SWIFT_STANDARD_LIBRARIES = YES;
				BUNDLE_LOADER = "$(TEST_HOST)";
				CODE_SIGN_STYLE = Automatic;
				CURRENT_PROJECT_VERSION = 1;
				DEVELOPMENT_TEAM = GN4M68RRBW;
				GENERATE_INFOPLIST_FILE = YES;
				IPHONEOS_DEPLOYMENT_TARGET = 17.5;
				MARKETING_VERSION = 1.0;
				PRODUCT_BUNDLE_IDENTIFIER = com.jasonjrr.WeatherAppTests;
				PRODUCT_NAME = "$(TARGET_NAME)";
				SWIFT_EMIT_LOC_STRINGS = NO;
				SWIFT_VERSION = 5.0;
				TARGETED_DEVICE_FAMILY = "1,2";
				TEST_HOST = "$(BUILT_PRODUCTS_DIR)/WeatherApp.app/$(BUNDLE_EXECUTABLE_FOLDER_PATH)/WeatherApp";
			};
			name = Release;
		};
/* End XCBuildConfiguration section */

/* Begin XCConfigurationList section */
		6FF685342CEF03E3004965F6 /* Build configuration list for PBXProject "WeatherApp" */ = {
			isa = XCConfigurationList;
			buildConfigurations = (
				6FF6855B2CEF03E5004965F6 /* Debug */,
				6FF6855C2CEF03E5004965F6 /* Release */,
			);
			defaultConfigurationIsVisible = 0;
			defaultConfigurationName = Release;
		};
		6FF6855D2CEF03E5004965F6 /* Build configuration list for PBXNativeTarget "WeatherApp" */ = {
			isa = XCConfigurationList;
			buildConfigurations = (
				6FF6855E2CEF03E5004965F6 /* Debug */,
				6FF6855F2CEF03E5004965F6 /* Release */,
			);
			defaultConfigurationIsVisible = 0;
			defaultConfigurationName = Release;
		};
		6FF685602CEF03E5004965F6 /* Build configuration list for PBXNativeTarget "WeatherAppTests" */ = {
			isa = XCConfigurationList;
			buildConfigurations = (
				6FF685612CEF03E5004965F6 /* Debug */,
				6FF685622CEF03E5004965F6 /* Release */,
			);
			defaultConfigurationIsVisible = 0;
			defaultConfigurationName = Release;
		};
/* End XCConfigurationList section */

/* Begin XCRemoteSwiftPackageReference section */
		6FA686FD2CEF05D40057338C /* XCRemoteSwiftPackageReference "Swinject" */ = {
			isa = XCRemoteSwiftPackageReference;
			repositoryURL = "https://github.com/Swinject/Swinject";
			requirement = {
				kind = exactVersion;
				version = 2.9.1;
			};
		};
		6FA687002CEF05E30057338C /* XCRemoteSwiftPackageReference "CombineExt" */ = {
			isa = XCRemoteSwiftPackageReference;
			repositoryURL = "https://github.com/CombineCommunity/CombineExt";
			requirement = {
				kind = exactVersion;
				version = 1.8.1;
			};
		};
/* End XCRemoteSwiftPackageReference section */

/* Begin XCSwiftPackageProductDependency section */
		6FA686FE2CEF05D40057338C /* Swinject */ = {
			isa = XCSwiftPackageProductDependency;
			package = 6FA686FD2CEF05D40057338C /* XCRemoteSwiftPackageReference "Swinject" */;
			productName = Swinject;
		};
		6FA687012CEF05E30057338C /* CombineExt */ = {
			isa = XCSwiftPackageProductDependency;
			package = 6FA687002CEF05E30057338C /* XCRemoteSwiftPackageReference "CombineExt" */;
			productName = CombineExt;
		};
/* End XCSwiftPackageProductDependency section */
	};
	rootObject = 6FF685312CEF03E3004965F6 /* Project object */;
}
